
Microsoft Visual Studio Solution File, Format Version 12.00
# Visual Studio Version 16
VisualStudioVersion = 16.0.29009.5
MinimumVisualStudioVersion = 10.0.40219.1
Project("{FAE04EC0-301F-11D3-BF4B-00C04F79EFBC}") = "Final", "Final\Final.csproj", "{D0657691-F985-409C-8650-EE9F8720E473}"
EndProject
Global
	GlobalSection(SolutionConfigurationPlatforms) = preSolution
		Debug|Any CPU = Debug|Any CPU
		Release|Any CPU = Release|Any CPU
	EndGlobalSection
	GlobalSection(ProjectConfigurationPlatforms) = postSolution
		{D0657691-F985-409C-8650-EE9F8720E473}.Debug|Any CPU.ActiveCfg = Debug|Any CPU
		{D0657691-F985-409C-8650-EE9F8720E473}.Debug|Any CPU.Build.0 = Debug|Any CPU
		{D0657691-F985-409C-8650-EE9F8720E473}.Release|Any CPU.ActiveCfg = Release|Any CPU
		{D0657691-F985-409C-8650-EE9F8720E473}.Release|Any CPU.Build.0 = Release|Any CPU
	EndGlobalSection
	GlobalSection(SolutionProperties) = preSolution
		HideSolutionNode = FALSE
	EndGlobalSection
	GlobalSection(ExtensibilityGlobals) = postSolution
		SolutionGuid = {ECD31F1F-E5CE-4FF1-9DAF-CD8E2B9B7FD7}
	EndGlobalSection
EndGlobal
