
Microsoft Visual Studio Solution File, Format Version 12.00
# Visual Studio Version 16
VisualStudioVersion = 16.0.29009.5
MinimumVisualStudioVersion = 10.0.40219.1
Project("{FAE04EC0-301F-11D3-BF4B-00C04F79EFBC}") = "final_exam", "final_exam\final_exam.csproj", "{3DF0BD72-ACFC-44DF-B981-63D379BB375C}"
EndProject
Global
	GlobalSection(SolutionConfigurationPlatforms) = preSolution
		Debug|Any CPU = Debug|Any CPU
		Release|Any CPU = Release|Any CPU
	EndGlobalSection
	GlobalSection(ProjectConfigurationPlatforms) = postSolution
		{3DF0BD72-ACFC-44DF-B981-63D379BB375C}.Debug|Any CPU.ActiveCfg = Debug|Any CPU
		{3DF0BD72-ACFC-44DF-B981-63D379BB375C}.Debug|Any CPU.Build.0 = Debug|Any CPU
		{3DF0BD72-ACFC-44DF-B981-63D379BB375C}.Release|Any CPU.ActiveCfg = Release|Any CPU
		{3DF0BD72-ACFC-44DF-B981-63D379BB375C}.Release|Any CPU.Build.0 = Release|Any CPU
	EndGlobalSection
	GlobalSection(SolutionProperties) = preSolution
		HideSolutionNode = FALSE
	EndGlobalSection
	GlobalSection(ExtensibilityGlobals) = postSolution
		SolutionGuid = {9047270A-AE36-4833-9948-6376357B3D08}
	EndGlobalSection
EndGlobal
