
Microsoft Visual Studio Solution File, Format Version 12.00
# Visual Studio Version 16
VisualStudioVersion = 16.0.29009.5
MinimumVisualStudioVersion = 10.0.40219.1
Project("{FAE04EC0-301F-11D3-BF4B-00C04F79EFBC}") = "WindowsFormsApp1", "WindowsFormsApp1\WindowsFormsApp1.csproj", "{5C6D719E-2D6A-45B6-B612-326AA368C06D}"
EndProject
Global
	GlobalSection(SolutionConfigurationPlatforms) = preSolution
		Debug|Any CPU = Debug|Any CPU
		Release|Any CPU = Release|Any CPU
	EndGlobalSection
	GlobalSection(ProjectConfigurationPlatforms) = postSolution
		{5C6D719E-2D6A-45B6-B612-326AA368C06D}.Debug|Any CPU.ActiveCfg = Debug|Any CPU
		{5C6D719E-2D6A-45B6-B612-326AA368C06D}.Debug|Any CPU.Build.0 = Debug|Any CPU
		{5C6D719E-2D6A-45B6-B612-326AA368C06D}.Release|Any CPU.ActiveCfg = Release|Any CPU
		{5C6D719E-2D6A-45B6-B612-326AA368C06D}.Release|Any CPU.Build.0 = Release|Any CPU
	EndGlobalSection
	GlobalSection(SolutionProperties) = preSolution
		HideSolutionNode = FALSE
	EndGlobalSection
	GlobalSection(ExtensibilityGlobals) = postSolution
		SolutionGuid = {9B4D90CE-CB31-4816-84B9-5EDBF28B2A19}
	EndGlobalSection
EndGlobal
