
Microsoft Visual Studio Solution File, Format Version 12.00
# Visual Studio Version 16
VisualStudioVersion = 16.0.29001.49
MinimumVisualStudioVersion = 10.0.40219.1
Project("{FAE04EC0-301F-11D3-BF4B-00C04F79EFBC}") = "Simple Form Calculator", "Simple Form Calculator\Simple Form Calculator.csproj", "{6C6A210B-F239-4137-A829-D6A954788759}"
EndProject
Global
	GlobalSection(SolutionConfigurationPlatforms) = preSolution
		Debug|Any CPU = Debug|Any CPU
		Release|Any CPU = Release|Any CPU
	EndGlobalSection
	GlobalSection(ProjectConfigurationPlatforms) = postSolution
		{6C6A210B-F239-4137-A829-D6A954788759}.Debug|Any CPU.ActiveCfg = Debug|Any CPU
		{6C6A210B-F239-4137-A829-D6A954788759}.Debug|Any CPU.Build.0 = Debug|Any CPU
		{6C6A210B-F239-4137-A829-D6A954788759}.Release|Any CPU.ActiveCfg = Release|Any CPU
		{6C6A210B-F239-4137-A829-D6A954788759}.Release|Any CPU.Build.0 = Release|Any CPU
	EndGlobalSection
	GlobalSection(SolutionProperties) = preSolution
		HideSolutionNode = FALSE
	EndGlobalSection
	GlobalSection(ExtensibilityGlobals) = postSolution
		SolutionGuid = {1EE406CC-1D5A-44C9-83EA-ED1F50529CC4}
	EndGlobalSection
EndGlobal
